
Microsoft Visual Studio Solution File, Format Version 12.00
# Visual Studio Version 17
VisualStudioVersion = 17.3.32922.545
MinimumVisualStudioVersion = 10.0.40219.1
Project("{FAE04EC0-301F-11D3-BF4B-00C04F79EFBC}") = "WebAPINew", "WebAPINew.csproj", "{A1998B26-5BB3-40D1-BC91-0A46BBAD421A}"
EndProject
Global
	GlobalSection(SolutionConfigurationPlatforms) = preSolution
		Debug|Any CPU = Debug|Any CPU
		Release|Any CPU = Release|Any CPU
	EndGlobalSection
	GlobalSection(ProjectConfigurationPlatforms) = postSolution
		{A1998B26-5BB3-40D1-BC91-0A46BBAD421A}.Debug|Any CPU.ActiveCfg = Debug|Any CPU
		{A1998B26-5BB3-40D1-BC91-0A46BBAD421A}.Debug|Any CPU.Build.0 = Debug|Any CPU
		{A1998B26-5BB3-40D1-BC91-0A46BBAD421A}.Release|Any CPU.ActiveCfg = Release|Any CPU
		{A1998B26-5BB3-40D1-BC91-0A46BBAD421A}.Release|Any CPU.Build.0 = Release|Any CPU
	EndGlobalSection
	GlobalSection(SolutionProperties) = preSolution
		HideSolutionNode = FALSE
	EndGlobalSection
	GlobalSection(ExtensibilityGlobals) = postSolution
		SolutionGuid = {827F08E8-6B50-4085-A035-4EECC3BF5824}
	EndGlobalSection
EndGlobal
